
Microsoft Visual Studio Solution File, Format Version 12.00
# Visual Studio 2017
Project("{FAE04EC0-301F-11D3-BF4B-00C04F79EFBC}") = "Hnefatafl Major Project Client", "Hnefatafl Major Project Client.csproj", "{8C4AACA8-190C-2509-C1EF-95C6D011669D}"
EndProject
Project("{FAE04EC0-301F-11D3-BF4B-00C04F79EFBC}") = "Hnefatafl Major Project Client.Editor", "Hnefatafl Major Project Client.Editor.csproj", "{C5C0705C-53CC-77FD-0335-0CB5D8A04BE0}"
EndProject
Global
	GlobalSection(SolutionConfigurationPlatforms) = preSolution
		Debug|Any CPU = Debug|Any CPU
		Release|Any CPU = Release|Any CPU
	EndGlobalSection
	GlobalSection(ProjectConfigurationPlatforms) = postSolution
		{8C4AACA8-190C-2509-C1EF-95C6D011669D}.Debug|Any CPU.ActiveCfg = Debug|Any CPU
		{8C4AACA8-190C-2509-C1EF-95C6D011669D}.Debug|Any CPU.Build.0 = Debug|Any CPU
		{8C4AACA8-190C-2509-C1EF-95C6D011669D}.Release|Any CPU.ActiveCfg = Release|Any CPU
		{8C4AACA8-190C-2509-C1EF-95C6D011669D}.Release|Any CPU.Build.0 = Release|Any CPU
		{C5C0705C-53CC-77FD-0335-0CB5D8A04BE0}.Debug|Any CPU.ActiveCfg = Debug|Any CPU
		{C5C0705C-53CC-77FD-0335-0CB5D8A04BE0}.Debug|Any CPU.Build.0 = Debug|Any CPU
		{C5C0705C-53CC-77FD-0335-0CB5D8A04BE0}.Release|Any CPU.ActiveCfg = Release|Any CPU
		{C5C0705C-53CC-77FD-0335-0CB5D8A04BE0}.Release|Any CPU.Build.0 = Release|Any CPU
	EndGlobalSection
	GlobalSection(SolutionProperties) = preSolution
		HideSolutionNode = FALSE
	EndGlobalSection
EndGlobal
